
Microsoft Visual Studio Solution File, Format Version 12.00
# Visual Studio 15
VisualStudioVersion = 15.0.28307.1169
MinimumVisualStudioVersion = 10.0.40219.1
Project("{FAE04EC0-301F-11D3-BF4B-00C04F79EFBC}") = "VideoGameCatalog", "VideoGameCatalog\VideoGameCatalog.csproj", "{F26EA46B-4E84-4CFE-9F9A-7F6758A1BFC7}"
EndProject
Project("{FAE04EC0-301F-11D3-BF4B-00C04F79EFBC}") = "VideoGameCatalog.Tests", "VideoGameCatalog.Tests\VideoGameCatalog.Tests.csproj", "{5A668887-8BC5-4A45-931B-301D25B1521D}"
EndProject
Global
	GlobalSection(SolutionConfigurationPlatforms) = preSolution
		Debug|Any CPU = Debug|Any CPU
		Release|Any CPU = Release|Any CPU
	EndGlobalSection
	GlobalSection(ProjectConfigurationPlatforms) = postSolution
		{F26EA46B-4E84-4CFE-9F9A-7F6758A1BFC7}.Debug|Any CPU.ActiveCfg = Debug|Any CPU
		{F26EA46B-4E84-4CFE-9F9A-7F6758A1BFC7}.Debug|Any CPU.Build.0 = Debug|Any CPU
		{F26EA46B-4E84-4CFE-9F9A-7F6758A1BFC7}.Release|Any CPU.ActiveCfg = Release|Any CPU
		{F26EA46B-4E84-4CFE-9F9A-7F6758A1BFC7}.Release|Any CPU.Build.0 = Release|Any CPU
		{5A668887-8BC5-4A45-931B-301D25B1521D}.Debug|Any CPU.ActiveCfg = Debug|Any CPU
		{5A668887-8BC5-4A45-931B-301D25B1521D}.Debug|Any CPU.Build.0 = Debug|Any CPU
		{5A668887-8BC5-4A45-931B-301D25B1521D}.Release|Any CPU.ActiveCfg = Release|Any CPU
		{5A668887-8BC5-4A45-931B-301D25B1521D}.Release|Any CPU.Build.0 = Release|Any CPU
	EndGlobalSection
	GlobalSection(SolutionProperties) = preSolution
		HideSolutionNode = FALSE
	EndGlobalSection
	GlobalSection(ExtensibilityGlobals) = postSolution
		SolutionGuid = {0123D103-0305-4021-A02F-C2CF89FFEFE2}
	EndGlobalSection
EndGlobal
